// !$*UTF8*$!
{
	archiveVersion = 1;
	classes = {
	};
	objectVersion = 60;
	objects = {

/* Begin PBXBuildFile section */
		B22169352C28B1480024B4DA /* DrawingAppApp.swift in Sources */ = {isa = PBXBuildFile; fileRef = B22169342C28B1480024B4DA /* DrawingAppApp.swift */; };
		B22169372C28B1480024B4DA /* ContentView.swift in Sources */ = {isa = PBXBuildFile; fileRef = B22169362C28B1480024B4DA /* ContentView.swift */; };
		B22169392C28B1480024B4DA /* Item.swift in Sources */ = {isa = PBXBuildFile; fileRef = B22169382C28B1480024B4DA /* Item.swift */; };
		B221693B2C28B14A0024B4DA /* Assets.xcassets in Resources */ = {isa = PBXBuildFile; fileRef = B221693A2C28B14A0024B4DA /* Assets.xcassets */; };
		B221693F2C28B14A0024B4DA /* Preview Assets.xcassets in Resources */ = {isa = PBXBuildFile; fileRef = B221693E2C28B14A0024B4DA /* Preview Assets.xcassets */; };
		B22169492C28B14A0024B4DA /* DrawingAppTests.swift in Sources */ = {isa = PBXBuildFile; fileRef = B22169482C28B14A0024B4DA /* DrawingAppTests.swift */; };
		B22169532C28B14A0024B4DA /* DrawingAppUITests.swift in Sources */ = {isa = PBXBuildFile; fileRef = B22169522C28B14A0024B4DA /* DrawingAppUITests.swift */; };
		B22169552C28B14A0024B4DA /* DrawingAppUITestsLaunchTests.swift in Sources */ = {isa = PBXBuildFile; fileRef = B22169542C28B14A0024B4DA /* DrawingAppUITestsLaunchTests.swift */; };
		B22169622C28B4DA0024B4DA /* NewCanvasView.swift in Sources */ = {isa = PBXBuildFile; fileRef = B22169612C28B4D70024B4DA /* NewCanvasView.swift */; };
		B22169642C28D3270024B4DA /* MainView.swift in Sources */ = {isa = PBXBuildFile; fileRef = B22169632C28D3270024B4DA /* MainView.swift */; };
/* End PBXBuildFile section */

/* Begin PBXContainerItemProxy section */
		B22169452C28B14A0024B4DA /* PBXContainerItemProxy */ = {
			isa = PBXContainerItemProxy;
			containerPortal = B22169292C28B1480024B4DA /* Project object */;
			proxyType = 1;
			remoteGlobalIDString = B22169302C28B1480024B4DA;
			remoteInfo = DrawingApp;
		};
		B221694F2C28B14A0024B4DA /* PBXContainerItemProxy */ = {
			isa = PBXContainerItemProxy;
			containerPortal = B22169292C28B1480024B4DA /* Project object */;
			proxyType = 1;
			remoteGlobalIDString = B22169302C28B1480024B4DA;
			remoteInfo = DrawingApp;
		};
/* End PBXContainerItemProxy section */

/* Begin PBXFileReference section */
		B22169312C28B1480024B4DA /* DrawingApp.app */ = {isa = PBXFileReference; explicitFileType = wrapper.application; includeInIndex = 0; path = DrawingApp.app; sourceTree = BUILT_PRODUCTS_DIR; };
		B22169342C28B1480024B4DA /* DrawingAppApp.swift */ = {isa = PBXFileReference; lastKnownFileType = sourcecode.swift; path = DrawingAppApp.swift; sourceTree = "<group>"; };
		B22169362C28B1480024B4DA /* ContentView.swift */ = {isa = PBXFileReference; lastKnownFileType = sourcecode.swift; path = ContentView.swift; sourceTree = "<group>"; };
		B22169382C28B1480024B4DA /* Item.swift */ = {isa = PBXFileReference; lastKnownFileType = sourcecode.swift; path = Item.swift; sourceTree = "<group>"; };
		B221693A2C28B14A0024B4DA /* Assets.xcassets */ = {isa = PBXFileReference; lastKnownFileType = folder.assetcatalog; path = Assets.xcassets; sourceTree = "<group>"; };
		B221693C2C28B14A0024B4DA /* DrawingApp.entitlements */ = {isa = PBXFileReference; lastKnownFileType = text.plist.entitlements; path = DrawingApp.entitlements; sourceTree = "<group>"; };
		B221693E2C28B14A0024B4DA /* Preview Assets.xcassets */ = {isa = PBXFileReference; lastKnownFileType = folder.assetcatalog; path = "Preview Assets.xcassets"; sourceTree = "<group>"; };
		B22169442C28B14A0024B4DA /* DrawingAppTests.xctest */ = {isa = PBXFileReference; explicitFileType = wrapper.cfbundle; includeInIndex = 0; path = DrawingAppTests.xctest; sourceTree = BUILT_PRODUCTS_DIR; };
		B22169482C28B14A0024B4DA /* DrawingAppTests.swift */ = {isa = PBXFileReference; lastKnownFileType = sourcecode.swift; path = DrawingAppTests.swift; sourceTree = "<group>"; };
		B221694E2C28B14A0024B4DA /* DrawingAppUITests.xctest */ = {isa = PBXFileReference; explicitFileType = wrapper.cfbundle; includeInIndex = 0; path = DrawingAppUITests.xctest; sourceTree = BUILT_PRODUCTS_DIR; };
		B22169522C28B14A0024B4DA /* DrawingAppUITests.swift */ = {isa = PBXFileReference; lastKnownFileType = sourcecode.swift; path = DrawingAppUITests.swift; sourceTree = "<group>"; };
		B22169542C28B14A0024B4DA /* DrawingAppUITestsLaunchTests.swift */ = {isa = PBXFileReference; lastKnownFileType = sourcecode.swift; path = DrawingAppUITestsLaunchTests.swift; sourceTree = "<group>"; };
		B22169612C28B4D70024B4DA /* NewCanvasView.swift */ = {isa = PBXFileReference; lastKnownFileType = sourcecode.swift; path = NewCanvasView.swift; sourceTree = "<group>"; };
		B22169632C28D3270024B4DA /* MainView.swift */ = {isa = PBXFileReference; lastKnownFileType = sourcecode.swift; path = MainView.swift; sourceTree = "<group>"; };
/* End PBXFileReference section */

/* Begin PBXFrameworksBuildPhase section */
		B221692E2C28B1480024B4DA /* Frameworks */ = {
			isa = PBXFrameworksBuildPhase;
			buildActionMask = 2147483647;
			files = (
			);
			runOnlyForDeploymentPostprocessing = 0;
		};
		B22169412C28B14A0024B4DA /* Frameworks */ = {
			isa = PBXFrameworksBuildPhase;
			buildActionMask = 2147483647;
			files = (
			);
			runOnlyForDeploymentPostprocessing = 0;
		};
		B221694B2C28B14A0024B4DA /* Frameworks */ = {
			isa = PBXFrameworksBuildPhase;
			buildActionMask = 2147483647;
			files = (
			);
			runOnlyForDeploymentPostprocessing = 0;
		};
/* End PBXFrameworksBuildPhase section */

/* Begin PBXGroup section */
		B22169282C28B1480024B4DA = {
			isa = PBXGroup;
			children = (
				B22169332C28B1480024B4DA /* DrawingApp */,
				B22169472C28B14A0024B4DA /* DrawingAppTests */,
				B22169512C28B14A0024B4DA /* DrawingAppUITests */,
				B22169322C28B1480024B4DA /* Products */,
			);
			sourceTree = "<group>";
		};
		B22169322C28B1480024B4DA /* Products */ = {
			isa = PBXGroup;
			children = (
				B22169312C28B1480024B4DA /* DrawingApp.app */,
				B22169442C28B14A0024B4DA /* DrawingAppTests.xctest */,
				B221694E2C28B14A0024B4DA /* DrawingAppUITests.xctest */,
			);
			name = Products;
			sourceTree = "<group>";
		};
		B22169332C28B1480024B4DA /* DrawingApp */ = {
			isa = PBXGroup;
			children = (
				B22169612C28B4D70024B4DA /* NewCanvasView.swift */,
				B22169342C28B1480024B4DA /* DrawingAppApp.swift */,
				B22169362C28B1480024B4DA /* ContentView.swift */,
				B22169382C28B1480024B4DA /* Item.swift */,
				B221693A2C28B14A0024B4DA /* Assets.xcassets */,
				B221693C2C28B14A0024B4DA /* DrawingApp.entitlements */,
				B221693D2C28B14A0024B4DA /* Preview Content */,
				B22169632C28D3270024B4DA /* MainView.swift */,
			);
			path = DrawingApp;
			sourceTree = "<group>";
		};
		B221693D2C28B14A0024B4DA /* Preview Content */ = {
			isa = PBXGroup;
			children = (
				B221693E2C28B14A0024B4DA /* Preview Assets.xcassets */,
			);
			path = "Preview Content";
			sourceTree = "<group>";
		};
		B22169472C28B14A0024B4DA /* DrawingAppTests */ = {
			isa = PBXGroup;
			children = (
				B22169482C28B14A0024B4DA /* DrawingAppTests.swift */,
			);
			path = DrawingAppTests;
			sourceTree = "<group>";
		};
		B22169512C28B14A0024B4DA /* DrawingAppUITests */ = {
			isa = PBXGroup;
			children = (
				B22169522C28B14A0024B4DA /* DrawingAppUITests.swift */,
				B22169542C28B14A0024B4DA /* DrawingAppUITestsLaunchTests.swift */,
			);
			path = DrawingAppUITests;
			sourceTree = "<group>";
		};
/* End PBXGroup section */

/* Begin PBXNativeTarget section */
		B22169302C28B1480024B4DA /* DrawingApp */ = {
			isa = PBXNativeTarget;
			buildConfigurationList = B22169582C28B14A0024B4DA /* Build configuration list for PBXNativeTarget "DrawingApp" */;
			buildPhases = (
				B221692D2C28B1480024B4DA /* Sources */,
				B221692E2C28B1480024B4DA /* Frameworks */,
				B221692F2C28B1480024B4DA /* Resources */,
			);
			buildRules = (
			);
			dependencies = (
			);
			name = DrawingApp;
			productName = DrawingApp;
			productReference = B22169312C28B1480024B4DA /* DrawingApp.app */;
			productType = "com.apple.product-type.application";
		};
		B22169432C28B14A0024B4DA /* DrawingAppTests */ = {
			isa = PBXNativeTarget;
			buildConfigurationList = B221695B2C28B14A0024B4DA /* Build configuration list for PBXNativeTarget "DrawingAppTests" */;
			buildPhases = (
				B22169402C28B14A0024B4DA /* Sources */,
				B22169412C28B14A0024B4DA /* Frameworks */,
				B22169422C28B14A0024B4DA /* Resources */,
			);
			buildRules = (
			);
			dependencies = (
				B22169462C28B14A0024B4DA /* PBXTargetDependency */,
			);
			name = DrawingAppTests;
			productName = DrawingAppTests;
			productReference = B22169442C28B14A0024B4DA /* DrawingAppTests.xctest */;
			productType = "com.apple.product-type.bundle.unit-test";
		};
		B221694D2C28B14A0024B4DA /* DrawingAppUITests */ = {
			isa = PBXNativeTarget;
			buildConfigurationList = B221695E2C28B14A0024B4DA /* Build configuration list for PBXNativeTarget "DrawingAppUITests" */;
			buildPhases = (
				B221694A2C28B14A0024B4DA /* Sources */,
				B221694B2C28B14A0024B4DA /* Frameworks */,
				B221694C2C28B14A0024B4DA /* Resources */,
			);
			buildRules = (
			);
			dependencies = (
				B22169502C28B14A0024B4DA /* PBXTargetDependency */,
			);
			name = DrawingAppUITests;
			productName = DrawingAppUITests;
			productReference = B221694E2C28B14A0024B4DA /* DrawingAppUITests.xctest */;
			productType = "com.apple.product-type.bundle.ui-testing";
		};
/* End PBXNativeTarget section */

/* Begin PBXProject section */
		B22169292C28B1480024B4DA /* Project object */ = {
			isa = PBXProject;
			attributes = {
				BuildIndependentTargetsInParallel = 1;
				LastSwiftUpdateCheck = 1600;
				LastUpgradeCheck = 1600;
				TargetAttributes = {
					B22169302C28B1480024B4DA = {
						CreatedOnToolsVersion = 16.0;
					};
					B22169432C28B14A0024B4DA = {
						CreatedOnToolsVersion = 16.0;
						TestTargetID = B22169302C28B1480024B4DA;
					};
					B221694D2C28B14A0024B4DA = {
						CreatedOnToolsVersion = 16.0;
						TestTargetID = B22169302C28B1480024B4DA;
					};
				};
			};
			buildConfigurationList = B221692C2C28B1480024B4DA /* Build configuration list for PBXProject "DrawingApp" */;
			compatibilityVersion = "Xcode 15.0";
			developmentRegion = en;
			hasScannedForEncodings = 0;
			knownRegions = (
				en,
				Base,
			);
			mainGroup = B22169282C28B1480024B4DA;
			productRefGroup = B22169322C28B1480024B4DA /* Products */;
			projectDirPath = "";
			projectRoot = "";
			targets = (
				B22169302C28B1480024B4DA /* DrawingApp */,
				B22169432C28B14A0024B4DA /* DrawingAppTests */,
				B221694D2C28B14A0024B4DA /* DrawingAppUITests */,
			);
		};
/* End PBXProject section */

/* Begin PBXResourcesBuildPhase section */
		B221692F2C28B1480024B4DA /* Resources */ = {
			isa = PBXResourcesBuildPhase;
			buildActionMask = 2147483647;
			files = (
				B221693F2C28B14A0024B4DA /* Preview Assets.xcassets in Resources */,
				B221693B2C28B14A0024B4DA /* Assets.xcassets in Resources */,
			);
			runOnlyForDeploymentPostprocessing = 0;
		};
		B22169422C28B14A0024B4DA /* Resources */ = {
			isa = PBXResourcesBuildPhase;
			buildActionMask = 2147483647;
			files = (
			);
			runOnlyForDeploymentPostprocessing = 0;
		};
		B221694C2C28B14A0024B4DA /* Resources */ = {
			isa = PBXResourcesBuildPhase;
			buildActionMask = 2147483647;
			files = (
			);
			runOnlyForDeploymentPostprocessing = 0;
		};
/* End PBXResourcesBuildPhase section */

/* Begin PBXSourcesBuildPhase section */
		B221692D2C28B1480024B4DA /* Sources */ = {
			isa = PBXSourcesBuildPhase;
			buildActionMask = 2147483647;
			files = (
				B22169372C28B1480024B4DA /* ContentView.swift in Sources */,
				B22169392C28B1480024B4DA /* Item.swift in Sources */,
				B22169622C28B4DA0024B4DA /* NewCanvasView.swift in Sources */,
				B22169642C28D3270024B4DA /* MainView.swift in Sources */,
				B22169352C28B1480024B4DA /* DrawingAppApp.swift in Sources */,
			);
			runOnlyForDeploymentPostprocessing = 0;
		};
		B22169402C28B14A0024B4DA /* Sources */ = {
			isa = PBXSourcesBuildPhase;
			buildActionMask = 2147483647;
			files = (
				B22169492C28B14A0024B4DA /* DrawingAppTests.swift in Sources */,
			);
			runOnlyForDeploymentPostprocessing = 0;
		};
		B221694A2C28B14A0024B4DA /* Sources */ = {
			isa = PBXSourcesBuildPhase;
			buildActionMask = 2147483647;
			files = (
				B22169532C28B14A0024B4DA /* DrawingAppUITests.swift in Sources */,
				B22169552C28B14A0024B4DA /* DrawingAppUITestsLaunchTests.swift in Sources */,
			);
			runOnlyForDeploymentPostprocessing = 0;
		};
/* End PBXSourcesBuildPhase section */

/* Begin PBXTargetDependency section */
		B22169462C28B14A0024B4DA /* PBXTargetDependency */ = {
			isa = PBXTargetDependency;
			target = B22169302C28B1480024B4DA /* DrawingApp */;
			targetProxy = B22169452C28B14A0024B4DA /* PBXContainerItemProxy */;
		};
		B22169502C28B14A0024B4DA /* PBXTargetDependency */ = {
			isa = PBXTargetDependency;
			target = B22169302C28B1480024B4DA /* DrawingApp */;
			targetProxy = B221694F2C28B14A0024B4DA /* PBXContainerItemProxy */;
		};
/* End PBXTargetDependency section */

/* Begin XCBuildConfiguration section */
		B22169562C28B14A0024B4DA /* Debug */ = {
			isa = XCBuildConfiguration;
			buildSettings = {
				ALWAYS_SEARCH_USER_PATHS = NO;
				ASSETCATALOG_COMPILER_GENERATE_SWIFT_ASSET_SYMBOL_EXTENSIONS = YES;
				CLANG_ANALYZER_NONNULL = YES;
				CLANG_ANALYZER_NUMBER_OBJECT_CONVERSION = YES_AGGRESSIVE;
				CLANG_CXX_LANGUAGE_STANDARD = "gnu++20";
				CLANG_ENABLE_MODULES = YES;
				CLANG_ENABLE_OBJC_ARC = YES;
				CLANG_ENABLE_OBJC_WEAK = YES;
				CLANG_WARN_BLOCK_CAPTURE_AUTORELEASING = YES;
				CLANG_WARN_BOOL_CONVERSION = YES;
				CLANG_WARN_COMMA = YES;
				CLANG_WARN_CONSTANT_CONVERSION = YES;
				CLANG_WARN_DEPRECATED_OBJC_IMPLEMENTATIONS = YES;
				CLANG_WARN_DIRECT_OBJC_ISA_USAGE = YES_ERROR;
				CLANG_WARN_DOCUMENTATION_COMMENTS = YES;
				CLANG_WARN_EMPTY_BODY = YES;
				CLANG_WARN_ENUM_CONVERSION = YES;
				CLANG_WARN_INFINITE_RECURSION = YES;
				CLANG_WARN_INT_CONVERSION = YES;
				CLANG_WARN_NON_LITERAL_NULL_CONVERSION = YES;
				CLANG_WARN_OBJC_IMPLICIT_RETAIN_SELF = YES;
				CLANG_WARN_OBJC_LITERAL_CONVERSION = YES;
				CLANG_WARN_OBJC_ROOT_CLASS = YES_ERROR;
				CLANG_WARN_QUOTED_INCLUDE_IN_FRAMEWORK_HEADER = YES;
				CLANG_WARN_RANGE_LOOP_ANALYSIS = YES;
				CLANG_WARN_STRICT_PROTOTYPES = YES;
				CLANG_WARN_SUSPICIOUS_MOVE = YES;
				CLANG_WARN_UNGUARDED_AVAILABILITY = YES_AGGRESSIVE;
				CLANG_WARN_UNREACHABLE_CODE = YES;
				CLANG_WARN__DUPLICATE_METHOD_MATCH = YES;
				COPY_PHASE_STRIP = NO;
				DEBUG_INFORMATION_FORMAT = dwarf;
				ENABLE_STRICT_OBJC_MSGSEND = YES;
				ENABLE_TESTABILITY = YES;
				ENABLE_USER_SCRIPT_SANDBOXING = YES;
				GCC_C_LANGUAGE_STANDARD = gnu17;
				GCC_DYNAMIC_NO_PIC = NO;
				GCC_NO_COMMON_BLOCKS = YES;
				GCC_OPTIMIZATION_LEVEL = 0;
				GCC_PREPROCESSOR_DEFINITIONS = (
					"DEBUG=1",
					"$(inherited)",
				);
				GCC_WARN_64_TO_32_BIT_CONVERSION = YES;
				GCC_WARN_ABOUT_RETURN_TYPE = YES_ERROR;
				GCC_WARN_UNDECLARED_SELECTOR = YES;
				GCC_WARN_UNINITIALIZED_AUTOS = YES_AGGRESSIVE;
				GCC_WARN_UNUSED_FUNCTION = YES;
				GCC_WARN_UNUSED_VARIABLE = YES;
				LOCALIZATION_PREFERS_STRING_CATALOGS = YES;
				MTL_ENABLE_DEBUG_INFO = INCLUDE_SOURCE;
				MTL_FAST_MATH = YES;
				ONLY_ACTIVE_ARCH = YES;
				SWIFT_ACTIVE_COMPILATION_CONDITIONS = "DEBUG $(inherited)";
				SWIFT_OPTIMIZATION_LEVEL = "-Onone";
			};
			name = Debug;
		};
		B22169572C28B14A0024B4DA /* Release */ = {
			isa = XCBuildConfiguration;
			buildSettings = {
				ALWAYS_SEARCH_USER_PATHS = NO;
				ASSETCATALOG_COMPILER_GENERATE_SWIFT_ASSET_SYMBOL_EXTENSIONS = YES;
				CLANG_ANALYZER_NONNULL = YES;
				CLANG_ANALYZER_NUMBER_OBJECT_CONVERSION = YES_AGGRESSIVE;
				CLANG_CXX_LANGUAGE_STANDARD = "gnu++20";
				CLANG_ENABLE_MODULES = YES;
				CLANG_ENABLE_OBJC_ARC = YES;
				CLANG_ENABLE_OBJC_WEAK = YES;
				CLANG_WARN_BLOCK_CAPTURE_AUTORELEASING = YES;
				CLANG_WARN_BOOL_CONVERSION = YES;
				CLANG_WARN_COMMA = YES;
				CLANG_WARN_CONSTANT_CONVERSION = YES;
				CLANG_WARN_DEPRECATED_OBJC_IMPLEMENTATIONS = YES;
				CLANG_WARN_DIRECT_OBJC_ISA_USAGE = YES_ERROR;
				CLANG_WARN_DOCUMENTATION_COMMENTS = YES;
				CLANG_WARN_EMPTY_BODY = YES;
				CLANG_WARN_ENUM_CONVERSION = YES;
				CLANG_WARN_INFINITE_RECURSION = YES;
				CLANG_WARN_INT_CONVERSION = YES;
				CLANG_WARN_NON_LITERAL_NULL_CONVERSION = YES;
				CLANG_WARN_OBJC_IMPLICIT_RETAIN_SELF = YES;
				CLANG_WARN_OBJC_LITERAL_CONVERSION = YES;
				CLANG_WARN_OBJC_ROOT_CLASS = YES_ERROR;
				CLANG_WARN_QUOTED_INCLUDE_IN_FRAMEWORK_HEADER = YES;
				CLANG_WARN_RANGE_LOOP_ANALYSIS = YES;
				CLANG_WARN_STRICT_PROTOTYPES = YES;
				CLANG_WARN_SUSPICIOUS_MOVE = YES;
				CLANG_WARN_UNGUARDED_AVAILABILITY = YES_AGGRESSIVE;
				CLANG_WARN_UNREACHABLE_CODE = YES;
				CLANG_WARN__DUPLICATE_METHOD_MATCH = YES;
				COPY_PHASE_STRIP = NO;
				DEBUG_INFORMATION_FORMAT = "dwarf-with-dsym";
				ENABLE_NS_ASSERTIONS = NO;
				ENABLE_STRICT_OBJC_MSGSEND = YES;
				ENABLE_USER_SCRIPT_SANDBOXING = YES;
				GCC_C_LANGUAGE_STANDARD = gnu17;
				GCC_NO_COMMON_BLOCKS = YES;
				GCC_WARN_64_TO_32_BIT_CONVERSION = YES;
				GCC_WARN_ABOUT_RETURN_TYPE = YES_ERROR;
				GCC_WARN_UNDECLARED_SELECTOR = YES;
				GCC_WARN_UNINITIALIZED_AUTOS = YES_AGGRESSIVE;
				GCC_WARN_UNUSED_FUNCTION = YES;
				GCC_WARN_UNUSED_VARIABLE = YES;
				LOCALIZATION_PREFERS_STRING_CATALOGS = YES;
				MTL_ENABLE_DEBUG_INFO = NO;
				MTL_FAST_MATH = YES;
				SWIFT_COMPILATION_MODE = wholemodule;
			};
			name = Release;
		};
		B22169592C28B14A0024B4DA /* Debug */ = {
			isa = XCBuildConfiguration;
			buildSettings = {
				ASSETCATALOG_COMPILER_APPICON_NAME = AppIcon;
				ASSETCATALOG_COMPILER_GLOBAL_ACCENT_COLOR_NAME = AccentColor;
				CODE_SIGN_ENTITLEMENTS = DrawingApp/DrawingApp.entitlements;
				CODE_SIGN_STYLE = Automatic;
				CURRENT_PROJECT_VERSION = 1;
				DEVELOPMENT_ASSET_PATHS = "\"DrawingApp/Preview Content\"";
				DEVELOPMENT_TEAM = J2Y63DX36C;
				ENABLE_HARDENED_RUNTIME = YES;
				ENABLE_PREVIEWS = YES;
				GENERATE_INFOPLIST_FILE = YES;
				"INFOPLIST_KEY_UIApplicationSceneManifest_Generation[sdk=iphoneos*]" = YES;
				"INFOPLIST_KEY_UIApplicationSceneManifest_Generation[sdk=iphonesimulator*]" = YES;
				"INFOPLIST_KEY_UIApplicationSupportsIndirectInputEvents[sdk=iphoneos*]" = YES;
				"INFOPLIST_KEY_UIApplicationSupportsIndirectInputEvents[sdk=iphonesimulator*]" = YES;
				"INFOPLIST_KEY_UILaunchScreen_Generation[sdk=iphoneos*]" = YES;
				"INFOPLIST_KEY_UILaunchScreen_Generation[sdk=iphonesimulator*]" = YES;
				"INFOPLIST_KEY_UIStatusBarStyle[sdk=iphoneos*]" = UIStatusBarStyleDefault;
				"INFOPLIST_KEY_UIStatusBarStyle[sdk=iphonesimulator*]" = UIStatusBarStyleDefault;
				INFOPLIST_KEY_UISupportedInterfaceOrientations_iPad = "UIInterfaceOrientationPortrait UIInterfaceOrientationPortraitUpsideDown UIInterfaceOrientationLandscapeLeft UIInterfaceOrientationLandscapeRight";
				INFOPLIST_KEY_UISupportedInterfaceOrientations_iPhone = "UIInterfaceOrientationPortrait UIInterfaceOrientationLandscapeLeft UIInterfaceOrientationLandscapeRight";
				IPHONEOS_DEPLOYMENT_TARGET = 18.0;
				LD_RUNPATH_SEARCH_PATHS = "@executable_path/Frameworks";
				"LD_RUNPATH_SEARCH_PATHS[sdk=macosx*]" = "@executable_path/../Frameworks";
				MACOSX_DEPLOYMENT_TARGET = 14.0;
				MARKETING_VERSION = 1.0;
				PRODUCT_BUNDLE_IDENTIFIER = drawing.DrawingApp;
				PRODUCT_NAME = "$(TARGET_NAME)";
				SDKROOT = auto;
				SUPPORTED_PLATFORMS = "iphoneos iphonesimulator";
				SUPPORTS_MACCATALYST = NO;
				SWIFT_EMIT_LOC_STRINGS = YES;
				SWIFT_VERSION = 6.0;
				TARGETED_DEVICE_FAMILY = "1,2";
				XROS_DEPLOYMENT_TARGET = 2.0;
			};
			name = Debug;
		};
		B221695A2C28B14A0024B4DA /* Release */ = {
			isa = XCBuildConfiguration;
			buildSettings = {
				ASSETCATALOG_COMPILER_APPICON_NAME = AppIcon;
				ASSETCATALOG_COMPILER_GLOBAL_ACCENT_COLOR_NAME = AccentColor;
				CODE_SIGN_ENTITLEMENTS = DrawingApp/DrawingApp.entitlements;
				CODE_SIGN_STYLE = Automatic;
				CURRENT_PROJECT_VERSION = 1;
				DEVELOPMENT_ASSET_PATHS = "\"DrawingApp/Preview Content\"";
				DEVELOPMENT_TEAM = J2Y63DX36C;
				ENABLE_HARDENED_RUNTIME = YES;
				ENABLE_PREVIEWS = YES;
				GENERATE_INFOPLIST_FILE = YES;
				"INFOPLIST_KEY_UIApplicationSceneManifest_Generation[sdk=iphoneos*]" = YES;
				"INFOPLIST_KEY_UIApplicationSceneManifest_Generation[sdk=iphonesimulator*]" = YES;
				"INFOPLIST_KEY_UIApplicationSupportsIndirectInputEvents[sdk=iphoneos*]" = YES;
				"INFOPLIST_KEY_UIApplicationSupportsIndirectInputEvents[sdk=iphonesimulator*]" = YES;
				"INFOPLIST_KEY_UILaunchScreen_Generation[sdk=iphoneos*]" = YES;
				"INFOPLIST_KEY_UILaunchScreen_Generation[sdk=iphonesimulator*]" = YES;
				"INFOPLIST_KEY_UIStatusBarStyle[sdk=iphoneos*]" = UIStatusBarStyleDefault;
				"INFOPLIST_KEY_UIStatusBarStyle[sdk=iphonesimulator*]" = UIStatusBarStyleDefault;
				INFOPLIST_KEY_UISupportedInterfaceOrientations_iPad = "UIInterfaceOrientationPortrait UIInterfaceOrientationPortraitUpsideDown UIInterfaceOrientationLandscapeLeft UIInterfaceOrientationLandscapeRight";
				INFOPLIST_KEY_UISupportedInterfaceOrientations_iPhone = "UIInterfaceOrientationPortrait UIInterfaceOrientationLandscapeLeft UIInterfaceOrientationLandscapeRight";
				IPHONEOS_DEPLOYMENT_TARGET = 18.0;
				LD_RUNPATH_SEARCH_PATHS = "@executable_path/Frameworks";
				"LD_RUNPATH_SEARCH_PATHS[sdk=macosx*]" = "@executable_path/../Frameworks";
				MACOSX_DEPLOYMENT_TARGET = 14.0;
				MARKETING_VERSION = 1.0;
				PRODUCT_BUNDLE_IDENTIFIER = drawing.DrawingApp;
				PRODUCT_NAME = "$(TARGET_NAME)";
				SDKROOT = auto;
				SUPPORTED_PLATFORMS = "iphoneos iphonesimulator";
				SUPPORTS_MACCATALYST = NO;
				SWIFT_EMIT_LOC_STRINGS = YES;
				SWIFT_VERSION = 6.0;
				TARGETED_DEVICE_FAMILY = "1,2";
				XROS_DEPLOYMENT_TARGET = 2.0;
			};
			name = Release;
		};
		B221695C2C28B14A0024B4DA /* Debug */ = {
			isa = XCBuildConfiguration;
			buildSettings = {
				BUNDLE_LOADER = "$(TEST_HOST)";
				CODE_SIGN_STYLE = Automatic;
				CURRENT_PROJECT_VERSION = 1;
				DEVELOPMENT_TEAM = J2Y63DX36C;
				GENERATE_INFOPLIST_FILE = YES;
				IPHONEOS_DEPLOYMENT_TARGET = 18.0;
				MACOSX_DEPLOYMENT_TARGET = 14.1;
				MARKETING_VERSION = 1.0;
				PRODUCT_BUNDLE_IDENTIFIER = drawing.DrawingAppTests;
				PRODUCT_NAME = "$(TARGET_NAME)";
				SDKROOT = auto;
				SUPPORTED_PLATFORMS = "iphoneos iphonesimulator macosx xros xrsimulator";
				SWIFT_EMIT_LOC_STRINGS = NO;
				SWIFT_VERSION = 5.0;
				TARGETED_DEVICE_FAMILY = "1,2,7";
				TEST_HOST = "$(BUILT_PRODUCTS_DIR)/DrawingApp.app/$(BUNDLE_EXECUTABLE_FOLDER_PATH)/DrawingApp";
				XROS_DEPLOYMENT_TARGET = 2.0;
			};
			name = Debug;
		};
		B221695D2C28B14A0024B4DA /* Release */ = {
			isa = XCBuildConfiguration;
			buildSettings = {
				BUNDLE_LOADER = "$(TEST_HOST)";
				CODE_SIGN_STYLE = Automatic;
				CURRENT_PROJECT_VERSION = 1;
				DEVELOPMENT_TEAM = J2Y63DX36C;
				GENERATE_INFOPLIST_FILE = YES;
				IPHONEOS_DEPLOYMENT_TARGET = 18.0;
				MACOSX_DEPLOYMENT_TARGET = 14.1;
				MARKETING_VERSION = 1.0;
				PRODUCT_BUNDLE_IDENTIFIER = drawing.DrawingAppTests;
				PRODUCT_NAME = "$(TARGET_NAME)";
				SDKROOT = auto;
				SUPPORTED_PLATFORMS = "iphoneos iphonesimulator macosx xros xrsimulator";
				SWIFT_EMIT_LOC_STRINGS = NO;
				SWIFT_VERSION = 5.0;
				TARGETED_DEVICE_FAMILY = "1,2,7";
				TEST_HOST = "$(BUILT_PRODUCTS_DIR)/DrawingApp.app/$(BUNDLE_EXECUTABLE_FOLDER_PATH)/DrawingApp";
				XROS_DEPLOYMENT_TARGET = 2.0;
			};
			name = Release;
		};
		B221695F2C28B14A0024B4DA /* Debug */ = {
			isa = XCBuildConfiguration;
			buildSettings = {
				CODE_SIGN_STYLE = Automatic;
				CURRENT_PROJECT_VERSION = 1;
				DEVELOPMENT_TEAM = J2Y63DX36C;
				GENERATE_INFOPLIST_FILE = YES;
				IPHONEOS_DEPLOYMENT_TARGET = 18.0;
				MACOSX_DEPLOYMENT_TARGET = 14.1;
				MARKETING_VERSION = 1.0;
				PRODUCT_BUNDLE_IDENTIFIER = drawing.DrawingAppUITests;
				PRODUCT_NAME = "$(TARGET_NAME)";
				SDKROOT = auto;
				SUPPORTED_PLATFORMS = "iphoneos iphonesimulator macosx xros xrsimulator";
				SWIFT_EMIT_LOC_STRINGS = NO;
				SWIFT_VERSION = 5.0;
				TARGETED_DEVICE_FAMILY = "1,2,7";
				TEST_TARGET_NAME = DrawingApp;
				XROS_DEPLOYMENT_TARGET = 2.0;
			};
			name = Debug;
		};
		B22169602C28B14A0024B4DA /* Release */ = {
			isa = XCBuildConfiguration;
			buildSettings = {
				CODE_SIGN_STYLE = Automatic;
				CURRENT_PROJECT_VERSION = 1;
				DEVELOPMENT_TEAM = J2Y63DX36C;
				GENERATE_INFOPLIST_FILE = YES;
				IPHONEOS_DEPLOYMENT_TARGET = 18.0;
				MACOSX_DEPLOYMENT_TARGET = 14.1;
				MARKETING_VERSION = 1.0;
				PRODUCT_BUNDLE_IDENTIFIER = drawing.DrawingAppUITests;
				PRODUCT_NAME = "$(TARGET_NAME)";
				SDKROOT = auto;
				SUPPORTED_PLATFORMS = "iphoneos iphonesimulator macosx xros xrsimulator";
				SWIFT_EMIT_LOC_STRINGS = NO;
				SWIFT_VERSION = 5.0;
				TARGETED_DEVICE_FAMILY = "1,2,7";
				TEST_TARGET_NAME = DrawingApp;
				XROS_DEPLOYMENT_TARGET = 2.0;
			};
			name = Release;
		};
/* End XCBuildConfiguration section */

/* Begin XCConfigurationList section */
		B221692C2C28B1480024B4DA /* Build configuration list for PBXProject "DrawingApp" */ = {
			isa = XCConfigurationList;
			buildConfigurations = (
				B22169562C28B14A0024B4DA /* Debug */,
				B22169572C28B14A0024B4DA /* Release */,
			);
			defaultConfigurationIsVisible = 0;
			defaultConfigurationName = Release;
		};
		B22169582C28B14A0024B4DA /* Build configuration list for PBXNativeTarget "DrawingApp" */ = {
			isa = XCConfigurationList;
			buildConfigurations = (
				B22169592C28B14A0024B4DA /* Debug */,
				B221695A2C28B14A0024B4DA /* Release */,
			);
			defaultConfigurationIsVisible = 0;
			defaultConfigurationName = Release;
		};
		B221695B2C28B14A0024B4DA /* Build configuration list for PBXNativeTarget "DrawingAppTests" */ = {
			isa = XCConfigurationList;
			buildConfigurations = (
				B221695C2C28B14A0024B4DA /* Debug */,
				B221695D2C28B14A0024B4DA /* Release */,
			);
			defaultConfigurationIsVisible = 0;
			defaultConfigurationName = Release;
		};
		B221695E2C28B14A0024B4DA /* Build configuration list for PBXNativeTarget "DrawingAppUITests" */ = {
			isa = XCConfigurationList;
			buildConfigurations = (
				B221695F2C28B14A0024B4DA /* Debug */,
				B22169602C28B14A0024B4DA /* Release */,
			);
			defaultConfigurationIsVisible = 0;
			defaultConfigurationName = Release;
		};
/* End XCConfigurationList section */
	};
	rootObject = B22169292C28B1480024B4DA /* Project object */;
}
